
Microsoft Visual Studio Solution File, Format Version 12.00
# Visual Studio 14
VisualStudioVersion = 14.0.25420.1
MinimumVisualStudioVersion = 10.0.40219.1
Project("{FAE04EC0-301F-11D3-BF4B-00C04F79EFBC}") = "ReflectInfoGenerator", "ReflectInfoGenerator\ReflectInfoGenerator.csproj", "{6F5AF73B-9108-4484-B66C-92422BA5B265}"
EndProject
Project("{FAE04EC0-301F-11D3-BF4B-00C04F79EFBC}") = "SampleHotProject1", "SampleHotProject1\SampleHotProject1.csproj", "{66FCF155-6C28-42C1-9EBF-D40DE8592F22}"
EndProject
Project("{FAE04EC0-301F-11D3-BF4B-00C04F79EFBC}") = "SampleHotProject2", "SampleHotProject2\SampleHotProject2.csproj", "{4BE10AD6-B190-43D0-B177-B5D261C9EF09}"
EndProject
Global
	GlobalSection(SolutionConfigurationPlatforms) = preSolution
		Debug|Any CPU = Debug|Any CPU
		Release|Any CPU = Release|Any CPU
	EndGlobalSection
	GlobalSection(ProjectConfigurationPlatforms) = postSolution
		{6F5AF73B-9108-4484-B66C-92422BA5B265}.Debug|Any CPU.ActiveCfg = Debug|Any CPU
		{6F5AF73B-9108-4484-B66C-92422BA5B265}.Debug|Any CPU.Build.0 = Debug|Any CPU
		{6F5AF73B-9108-4484-B66C-92422BA5B265}.Release|Any CPU.ActiveCfg = Release|Any CPU
		{6F5AF73B-9108-4484-B66C-92422BA5B265}.Release|Any CPU.Build.0 = Release|Any CPU
		{66FCF155-6C28-42C1-9EBF-D40DE8592F22}.Debug|Any CPU.ActiveCfg = Debug|Any CPU
		{66FCF155-6C28-42C1-9EBF-D40DE8592F22}.Debug|Any CPU.Build.0 = Debug|Any CPU
		{66FCF155-6C28-42C1-9EBF-D40DE8592F22}.Release|Any CPU.ActiveCfg = Release|Any CPU
		{66FCF155-6C28-42C1-9EBF-D40DE8592F22}.Release|Any CPU.Build.0 = Release|Any CPU
		{4BE10AD6-B190-43D0-B177-B5D261C9EF09}.Debug|Any CPU.ActiveCfg = Debug|Any CPU
		{4BE10AD6-B190-43D0-B177-B5D261C9EF09}.Debug|Any CPU.Build.0 = Debug|Any CPU
		{4BE10AD6-B190-43D0-B177-B5D261C9EF09}.Release|Any CPU.ActiveCfg = Release|Any CPU
		{4BE10AD6-B190-43D0-B177-B5D261C9EF09}.Release|Any CPU.Build.0 = Release|Any CPU
	EndGlobalSection
	GlobalSection(SolutionProperties) = preSolution
		HideSolutionNode = FALSE
	EndGlobalSection
EndGlobal
